
Microsoft Visual Studio Solution File, Format Version 12.00
# Visual Studio Version 16
VisualStudioVersion = 16.0.30907.101
MinimumVisualStudioVersion = 10.0.40219.1
Project("{8BC9CEB8-8B4A-11D0-8D11-00A0C91BC942}") = "task_5", "task_5\task_5.vcxproj", "{C99BB3B7-8BCC-4BA1-B910-DCC5C9EA5FF1}"
EndProject
Project("{8BC9CEB8-8B4A-11D0-8D11-00A0C91BC942}") = "libwinbgi", "libwinbgi\libwinbgi.vcxproj", "{DAF4CC7E-F3CB-43AC-A07B-C5B6B9A4C32C}"
EndProject
Project("{8BC9CEB8-8B4A-11D0-8D11-00A0C91BC942}") = "task6", "task6\task6.vcxproj", "{4740AE97-A9A3-4817-A00B-5C52BD8DCD0B}"
EndProject
Project("{8BC9CEB8-8B4A-11D0-8D11-00A0C91BC942}") = "task_13", "task_13\task_13.vcxproj", "{15445CAB-E581-47C1-84F1-198FC60A7D8A}"
EndProject
Project("{8BC9CEB8-8B4A-11D0-8D11-00A0C91BC942}") = "task_55", "task_55\task_55.vcxproj", "{E539AC88-11A4-4713-BF32-86FCEACA010B}"
EndProject
Project("{8BC9CEB8-8B4A-11D0-8D11-00A0C91BC942}") = "task_27", "task_27\task_27.vcxproj", "{E03F7F28-4F1A-4297-B7C4-DB0D2652F66E}"
EndProject
Project("{8BC9CEB8-8B4A-11D0-8D11-00A0C91BC942}") = "task_23", "task_23\task_23.vcxproj", "{D85AE49D-68D1-43C7-AB91-C89F5A35DB41}"
EndProject
Project("{8BC9CEB8-8B4A-11D0-8D11-00A0C91BC942}") = "task_41", "task_41\task_41.vcxproj", "{99F30DEB-F28C-47D5-B306-64143AC3E443}"
EndProject
Project("{8BC9CEB8-8B4A-11D0-8D11-00A0C91BC942}") = "task_31", "task_31\task_31.vcxproj", "{5D229B5C-F95D-4143-B8DD-957B5E688889}"
EndProject
Project("{8BC9CEB8-8B4A-11D0-8D11-00A0C91BC942}") = "task_33", "task_33\task_33.vcxproj", "{224EEF4D-D8C3-472E-B68C-5A5031CF5A36}"
EndProject
Project("{8BC9CEB8-8B4A-11D0-8D11-00A0C91BC942}") = "task_51", "task_51\task_51.vcxproj", "{2D7774F2-7AAB-4D39-9FE0-DC608B93E825}"
EndProject
Project("{8BC9CEB8-8B4A-11D0-8D11-00A0C91BC942}") = "task_56", "task_56\task_56.vcxproj", "{56BC7DB8-161F-46EF-A027-C5F8482B940C}"
EndProject
Project("{8BC9CEB8-8B4A-11D0-8D11-00A0C91BC942}") = "task_17", "task_17\task_17.vcxproj", "{1BFFAB8C-6BFF-46F4-A292-F73419C2E64D}"
EndProject
Project("{8BC9CEB8-8B4A-11D0-8D11-00A0C91BC942}") = "task_19_1", "task_19_1\task_19_1.vcxproj", "{807F2112-97AB-4840-9AA6-67D491E9F72B}"
EndProject
Project("{8BC9CEB8-8B4A-11D0-8D11-00A0C91BC942}") = "task_19_2", "task_19_2\task_19_2.vcxproj", "{3267155C-8179-48E7-9EF9-B327CDD58D75}"
EndProject
Global
	GlobalSection(SolutionConfigurationPlatforms) = preSolution
		Debug|x64 = Debug|x64
		Debug|x86 = Debug|x86
		Release|x64 = Release|x64
		Release|x86 = Release|x86
	EndGlobalSection
	GlobalSection(ProjectConfigurationPlatforms) = postSolution
		{C99BB3B7-8BCC-4BA1-B910-DCC5C9EA5FF1}.Debug|x64.ActiveCfg = Debug|x64
		{C99BB3B7-8BCC-4BA1-B910-DCC5C9EA5FF1}.Debug|x64.Build.0 = Debug|x64
		{C99BB3B7-8BCC-4BA1-B910-DCC5C9EA5FF1}.Debug|x86.ActiveCfg = Debug|Win32
		{C99BB3B7-8BCC-4BA1-B910-DCC5C9EA5FF1}.Debug|x86.Build.0 = Debug|Win32
		{C99BB3B7-8BCC-4BA1-B910-DCC5C9EA5FF1}.Release|x64.ActiveCfg = Release|x64
		{C99BB3B7-8BCC-4BA1-B910-DCC5C9EA5FF1}.Release|x64.Build.0 = Release|x64
		{C99BB3B7-8BCC-4BA1-B910-DCC5C9EA5FF1}.Release|x86.ActiveCfg = Release|Win32
		{C99BB3B7-8BCC-4BA1-B910-DCC5C9EA5FF1}.Release|x86.Build.0 = Release|Win32
		{DAF4CC7E-F3CB-43AC-A07B-C5B6B9A4C32C}.Debug|x64.ActiveCfg = Debug|Win32
		{DAF4CC7E-F3CB-43AC-A07B-C5B6B9A4C32C}.Debug|x86.ActiveCfg = Debug|Win32
		{DAF4CC7E-F3CB-43AC-A07B-C5B6B9A4C32C}.Debug|x86.Build.0 = Debug|Win32
		{DAF4CC7E-F3CB-43AC-A07B-C5B6B9A4C32C}.Release|x64.ActiveCfg = Release|Win32
		{DAF4CC7E-F3CB-43AC-A07B-C5B6B9A4C32C}.Release|x86.ActiveCfg = Release|Win32
		{DAF4CC7E-F3CB-43AC-A07B-C5B6B9A4C32C}.Release|x86.Build.0 = Release|Win32
		{4740AE97-A9A3-4817-A00B-5C52BD8DCD0B}.Debug|x64.ActiveCfg = Debug|x64
		{4740AE97-A9A3-4817-A00B-5C52BD8DCD0B}.Debug|x64.Build.0 = Debug|x64
		{4740AE97-A9A3-4817-A00B-5C52BD8DCD0B}.Debug|x86.ActiveCfg = Debug|Win32
		{4740AE97-A9A3-4817-A00B-5C52BD8DCD0B}.Debug|x86.Build.0 = Debug|Win32
		{4740AE97-A9A3-4817-A00B-5C52BD8DCD0B}.Release|x64.ActiveCfg = Release|x64
		{4740AE97-A9A3-4817-A00B-5C52BD8DCD0B}.Release|x64.Build.0 = Release|x64
		{4740AE97-A9A3-4817-A00B-5C52BD8DCD0B}.Release|x86.ActiveCfg = Release|Win32
		{4740AE97-A9A3-4817-A00B-5C52BD8DCD0B}.Release|x86.Build.0 = Release|Win32
		{15445CAB-E581-47C1-84F1-198FC60A7D8A}.Debug|x64.ActiveCfg = Debug|x64
		{15445CAB-E581-47C1-84F1-198FC60A7D8A}.Debug|x64.Build.0 = Debug|x64
		{15445CAB-E581-47C1-84F1-198FC60A7D8A}.Debug|x86.ActiveCfg = Debug|Win32
		{15445CAB-E581-47C1-84F1-198FC60A7D8A}.Debug|x86.Build.0 = Debug|Win32
		{15445CAB-E581-47C1-84F1-198FC60A7D8A}.Release|x64.ActiveCfg = Release|x64
		{15445CAB-E581-47C1-84F1-198FC60A7D8A}.Release|x64.Build.0 = Release|x64
		{15445CAB-E581-47C1-84F1-198FC60A7D8A}.Release|x86.ActiveCfg = Release|Win32
		{15445CAB-E581-47C1-84F1-198FC60A7D8A}.Release|x86.Build.0 = Release|Win32
		{E539AC88-11A4-4713-BF32-86FCEACA010B}.Debug|x64.ActiveCfg = Debug|x64
		{E539AC88-11A4-4713-BF32-86FCEACA010B}.Debug|x64.Build.0 = Debug|x64
		{E539AC88-11A4-4713-BF32-86FCEACA010B}.Debug|x86.ActiveCfg = Debug|Win32
		{E539AC88-11A4-4713-BF32-86FCEACA010B}.Debug|x86.Build.0 = Debug|Win32
		{E539AC88-11A4-4713-BF32-86FCEACA010B}.Release|x64.ActiveCfg = Release|x64
		{E539AC88-11A4-4713-BF32-86FCEACA010B}.Release|x64.Build.0 = Release|x64
		{E539AC88-11A4-4713-BF32-86FCEACA010B}.Release|x86.ActiveCfg = Release|Win32
		{E539AC88-11A4-4713-BF32-86FCEACA010B}.Release|x86.Build.0 = Release|Win32
		{E03F7F28-4F1A-4297-B7C4-DB0D2652F66E}.Debug|x64.ActiveCfg = Debug|x64
		{E03F7F28-4F1A-4297-B7C4-DB0D2652F66E}.Debug|x64.Build.0 = Debug|x64
		{E03F7F28-4F1A-4297-B7C4-DB0D2652F66E}.Debug|x86.ActiveCfg = Debug|Win32
		{E03F7F28-4F1A-4297-B7C4-DB0D2652F66E}.Debug|x86.Build.0 = Debug|Win32
		{E03F7F28-4F1A-4297-B7C4-DB0D2652F66E}.Release|x64.ActiveCfg = Release|x64
		{E03F7F28-4F1A-4297-B7C4-DB0D2652F66E}.Release|x64.Build.0 = Release|x64
		{E03F7F28-4F1A-4297-B7C4-DB0D2652F66E}.Release|x86.ActiveCfg = Release|Win32
		{E03F7F28-4F1A-4297-B7C4-DB0D2652F66E}.Release|x86.Build.0 = Release|Win32
		{D85AE49D-68D1-43C7-AB91-C89F5A35DB41}.Debug|x64.ActiveCfg = Debug|x64
		{D85AE49D-68D1-43C7-AB91-C89F5A35DB41}.Debug|x64.Build.0 = Debug|x64
		{D85AE49D-68D1-43C7-AB91-C89F5A35DB41}.Debug|x86.ActiveCfg = Debug|Win32
		{D85AE49D-68D1-43C7-AB91-C89F5A35DB41}.Debug|x86.Build.0 = Debug|Win32
		{D85AE49D-68D1-43C7-AB91-C89F5A35DB41}.Release|x64.ActiveCfg = Release|x64
		{D85AE49D-68D1-43C7-AB91-C89F5A35DB41}.Release|x64.Build.0 = Release|x64
		{D85AE49D-68D1-43C7-AB91-C89F5A35DB41}.Release|x86.ActiveCfg = Release|Win32
		{D85AE49D-68D1-43C7-AB91-C89F5A35DB41}.Release|x86.Build.0 = Release|Win32
		{99F30DEB-F28C-47D5-B306-64143AC3E443}.Debug|x64.ActiveCfg = Debug|x64
		{99F30DEB-F28C-47D5-B306-64143AC3E443}.Debug|x64.Build.0 = Debug|x64
		{99F30DEB-F28C-47D5-B306-64143AC3E443}.Debug|x86.ActiveCfg = Debug|Win32
		{99F30DEB-F28C-47D5-B306-64143AC3E443}.Debug|x86.Build.0 = Debug|Win32
		{99F30DEB-F28C-47D5-B306-64143AC3E443}.Release|x64.ActiveCfg = Release|x64
		{99F30DEB-F28C-47D5-B306-64143AC3E443}.Release|x64.Build.0 = Release|x64
		{99F30DEB-F28C-47D5-B306-64143AC3E443}.Release|x86.ActiveCfg = Release|Win32
		{99F30DEB-F28C-47D5-B306-64143AC3E443}.Release|x86.Build.0 = Release|Win32
		{5D229B5C-F95D-4143-B8DD-957B5E688889}.Debug|x64.ActiveCfg = Debug|x64
		{5D229B5C-F95D-4143-B8DD-957B5E688889}.Debug|x64.Build.0 = Debug|x64
		{5D229B5C-F95D-4143-B8DD-957B5E688889}.Debug|x86.ActiveCfg = Debug|Win32
		{5D229B5C-F95D-4143-B8DD-957B5E688889}.Debug|x86.Build.0 = Debug|Win32
		{5D229B5C-F95D-4143-B8DD-957B5E688889}.Release|x64.ActiveCfg = Release|x64
		{5D229B5C-F95D-4143-B8DD-957B5E688889}.Release|x64.Build.0 = Release|x64
		{5D229B5C-F95D-4143-B8DD-957B5E688889}.Release|x86.ActiveCfg = Release|Win32
		{5D229B5C-F95D-4143-B8DD-957B5E688889}.Release|x86.Build.0 = Release|Win32
		{224EEF4D-D8C3-472E-B68C-5A5031CF5A36}.Debug|x64.ActiveCfg = Debug|x64
		{224EEF4D-D8C3-472E-B68C-5A5031CF5A36}.Debug|x64.Build.0 = Debug|x64
		{224EEF4D-D8C3-472E-B68C-5A5031CF5A36}.Debug|x86.ActiveCfg = Debug|Win32
		{224EEF4D-D8C3-472E-B68C-5A5031CF5A36}.Debug|x86.Build.0 = Debug|Win32
		{224EEF4D-D8C3-472E-B68C-5A5031CF5A36}.Release|x64.ActiveCfg = Release|x64
		{224EEF4D-D8C3-472E-B68C-5A5031CF5A36}.Release|x64.Build.0 = Release|x64
		{224EEF4D-D8C3-472E-B68C-5A5031CF5A36}.Release|x86.ActiveCfg = Release|Win32
		{224EEF4D-D8C3-472E-B68C-5A5031CF5A36}.Release|x86.Build.0 = Release|Win32
		{2D7774F2-7AAB-4D39-9FE0-DC608B93E825}.Debug|x64.ActiveCfg = Debug|x64
		{2D7774F2-7AAB-4D39-9FE0-DC608B93E825}.Debug|x64.Build.0 = Debug|x64
		{2D7774F2-7AAB-4D39-9FE0-DC608B93E825}.Debug|x86.ActiveCfg = Debug|Win32
		{2D7774F2-7AAB-4D39-9FE0-DC608B93E825}.Debug|x86.Build.0 = Debug|Win32
		{2D7774F2-7AAB-4D39-9FE0-DC608B93E825}.Release|x64.ActiveCfg = Release|x64
		{2D7774F2-7AAB-4D39-9FE0-DC608B93E825}.Release|x64.Build.0 = Release|x64
		{2D7774F2-7AAB-4D39-9FE0-DC608B93E825}.Release|x86.ActiveCfg = Release|Win32
		{2D7774F2-7AAB-4D39-9FE0-DC608B93E825}.Release|x86.Build.0 = Release|Win32
		{56BC7DB8-161F-46EF-A027-C5F8482B940C}.Debug|x64.ActiveCfg = Debug|x64
		{56BC7DB8-161F-46EF-A027-C5F8482B940C}.Debug|x64.Build.0 = Debug|x64
		{56BC7DB8-161F-46EF-A027-C5F8482B940C}.Debug|x86.ActiveCfg = Debug|Win32
		{56BC7DB8-161F-46EF-A027-C5F8482B940C}.Debug|x86.Build.0 = Debug|Win32
		{56BC7DB8-161F-46EF-A027-C5F8482B940C}.Release|x64.ActiveCfg = Release|x64
		{56BC7DB8-161F-46EF-A027-C5F8482B940C}.Release|x64.Build.0 = Release|x64
		{56BC7DB8-161F-46EF-A027-C5F8482B940C}.Release|x86.ActiveCfg = Release|Win32
		{56BC7DB8-161F-46EF-A027-C5F8482B940C}.Release|x86.Build.0 = Release|Win32
		{1BFFAB8C-6BFF-46F4-A292-F73419C2E64D}.Debug|x64.ActiveCfg = Debug|x64
		{1BFFAB8C-6BFF-46F4-A292-F73419C2E64D}.Debug|x64.Build.0 = Debug|x64
		{1BFFAB8C-6BFF-46F4-A292-F73419C2E64D}.Debug|x86.ActiveCfg = Debug|Win32
		{1BFFAB8C-6BFF-46F4-A292-F73419C2E64D}.Debug|x86.Build.0 = Debug|Win32
		{1BFFAB8C-6BFF-46F4-A292-F73419C2E64D}.Release|x64.ActiveCfg = Release|x64
		{1BFFAB8C-6BFF-46F4-A292-F73419C2E64D}.Release|x64.Build.0 = Release|x64
		{1BFFAB8C-6BFF-46F4-A292-F73419C2E64D}.Release|x86.ActiveCfg = Release|Win32
		{1BFFAB8C-6BFF-46F4-A292-F73419C2E64D}.Release|x86.Build.0 = Release|Win32
		{807F2112-97AB-4840-9AA6-67D491E9F72B}.Debug|x64.ActiveCfg = Debug|x64
		{807F2112-97AB-4840-9AA6-67D491E9F72B}.Debug|x64.Build.0 = Debug|x64
		{807F2112-97AB-4840-9AA6-67D491E9F72B}.Debug|x86.ActiveCfg = Debug|Win32
		{807F2112-97AB-4840-9AA6-67D491E9F72B}.Debug|x86.Build.0 = Debug|Win32
		{807F2112-97AB-4840-9AA6-67D491E9F72B}.Release|x64.ActiveCfg = Release|x64
		{807F2112-97AB-4840-9AA6-67D491E9F72B}.Release|x64.Build.0 = Release|x64
		{807F2112-97AB-4840-9AA6-67D491E9F72B}.Release|x86.ActiveCfg = Release|Win32
		{807F2112-97AB-4840-9AA6-67D491E9F72B}.Release|x86.Build.0 = Release|Win32
		{3267155C-8179-48E7-9EF9-B327CDD58D75}.Debug|x64.ActiveCfg = Debug|x64
		{3267155C-8179-48E7-9EF9-B327CDD58D75}.Debug|x64.Build.0 = Debug|x64
		{3267155C-8179-48E7-9EF9-B327CDD58D75}.Debug|x86.ActiveCfg = Debug|Win32
		{3267155C-8179-48E7-9EF9-B327CDD58D75}.Debug|x86.Build.0 = Debug|Win32
		{3267155C-8179-48E7-9EF9-B327CDD58D75}.Release|x64.ActiveCfg = Release|x64
		{3267155C-8179-48E7-9EF9-B327CDD58D75}.Release|x64.Build.0 = Release|x64
		{3267155C-8179-48E7-9EF9-B327CDD58D75}.Release|x86.ActiveCfg = Release|Win32
		{3267155C-8179-48E7-9EF9-B327CDD58D75}.Release|x86.Build.0 = Release|Win32
	EndGlobalSection
	GlobalSection(SolutionProperties) = preSolution
		HideSolutionNode = FALSE
	EndGlobalSection
	GlobalSection(ExtensibilityGlobals) = postSolution
		SolutionGuid = {D40B3804-5792-4C09-954D-A99CE2E1BB0B}
	EndGlobalSection
EndGlobal
